
Microsoft Visual Studio Solution File, Format Version 12.00
# Visual Studio Version 16
VisualStudioVersion = 16.0.32413.511
MinimumVisualStudioVersion = 10.0.40219.1
Project("{FAE04EC0-301F-11D3-BF4B-00C04F79EFBC}") = "DanismanProject.WebUI", "DanismanProject.WebUI\DanismanProject.WebUI.csproj", "{AF4FE17E-4B36-4B6C-915E-AA5D79D0E57D}"
EndProject
Project("{FAE04EC0-301F-11D3-BF4B-00C04F79EFBC}") = "DanismanProject.Entity", "DanismanProject.Entity\DanismanProject.Entity.csproj", "{795C4104-9548-4221-BACA-E2A728E1B86F}"
EndProject
Project("{FAE04EC0-301F-11D3-BF4B-00C04F79EFBC}") = "DanismanProject.Data", "DanismanProject.Data\DanismanProject.Data.csproj", "{1B265820-6441-44B3-B40F-447D21DC8D4E}"
EndProject
Project("{FAE04EC0-301F-11D3-BF4B-00C04F79EFBC}") = "DanismanProject.Business", "DanismanProject.Business\DanismanProject.Business.csproj", "{3A199C3F-40B8-4CB5-8A12-B39E1DE2FFD9}"
EndProject
Global
	GlobalSection(SolutionConfigurationPlatforms) = preSolution
		Debug|Any CPU = Debug|Any CPU
		Release|Any CPU = Release|Any CPU
	EndGlobalSection
	GlobalSection(ProjectConfigurationPlatforms) = postSolution
		{AF4FE17E-4B36-4B6C-915E-AA5D79D0E57D}.Debug|Any CPU.ActiveCfg = Debug|Any CPU
		{AF4FE17E-4B36-4B6C-915E-AA5D79D0E57D}.Debug|Any CPU.Build.0 = Debug|Any CPU
		{AF4FE17E-4B36-4B6C-915E-AA5D79D0E57D}.Release|Any CPU.ActiveCfg = Release|Any CPU
		{AF4FE17E-4B36-4B6C-915E-AA5D79D0E57D}.Release|Any CPU.Build.0 = Release|Any CPU
		{795C4104-9548-4221-BACA-E2A728E1B86F}.Debug|Any CPU.ActiveCfg = Debug|Any CPU
		{795C4104-9548-4221-BACA-E2A728E1B86F}.Debug|Any CPU.Build.0 = Debug|Any CPU
		{795C4104-9548-4221-BACA-E2A728E1B86F}.Release|Any CPU.ActiveCfg = Release|Any CPU
		{795C4104-9548-4221-BACA-E2A728E1B86F}.Release|Any CPU.Build.0 = Release|Any CPU
		{1B265820-6441-44B3-B40F-447D21DC8D4E}.Debug|Any CPU.ActiveCfg = Debug|Any CPU
		{1B265820-6441-44B3-B40F-447D21DC8D4E}.Debug|Any CPU.Build.0 = Debug|Any CPU
		{1B265820-6441-44B3-B40F-447D21DC8D4E}.Release|Any CPU.ActiveCfg = Release|Any CPU
		{1B265820-6441-44B3-B40F-447D21DC8D4E}.Release|Any CPU.Build.0 = Release|Any CPU
		{3A199C3F-40B8-4CB5-8A12-B39E1DE2FFD9}.Debug|Any CPU.ActiveCfg = Debug|Any CPU
		{3A199C3F-40B8-4CB5-8A12-B39E1DE2FFD9}.Debug|Any CPU.Build.0 = Debug|Any CPU
		{3A199C3F-40B8-4CB5-8A12-B39E1DE2FFD9}.Release|Any CPU.ActiveCfg = Release|Any CPU
		{3A199C3F-40B8-4CB5-8A12-B39E1DE2FFD9}.Release|Any CPU.Build.0 = Release|Any CPU
	EndGlobalSection
	GlobalSection(SolutionProperties) = preSolution
		HideSolutionNode = FALSE
	EndGlobalSection
	GlobalSection(ExtensibilityGlobals) = postSolution
		SolutionGuid = {19D646AC-9D62-4275-BDFE-804E44150491}
	EndGlobalSection
EndGlobal
